
Microsoft Visual Studio Solution File, Format Version 12.00
# Visual Studio Version 16
VisualStudioVersion = 16.0.31402.337
MinimumVisualStudioVersion = 10.0.40219.1
Project("{FAE04EC0-301F-11D3-BF4B-00C04F79EFBC}") = "MaficPipes", "MaficPipes.csproj", "{64E211C3-60AF-4432-83FF-98B0D0872AE9}"
EndProject
Global
	GlobalSection(SolutionConfigurationPlatforms) = preSolution
		Debug|Any CPU = Debug|Any CPU
		Release|Any CPU = Release|Any CPU
	EndGlobalSection
	GlobalSection(ProjectConfigurationPlatforms) = postSolution
		{64E211C3-60AF-4432-83FF-98B0D0872AE9}.Debug|Any CPU.ActiveCfg = Debug|Any CPU
		{64E211C3-60AF-4432-83FF-98B0D0872AE9}.Debug|Any CPU.Build.0 = Debug|Any CPU
		{64E211C3-60AF-4432-83FF-98B0D0872AE9}.Release|Any CPU.ActiveCfg = Release|Any CPU
		{64E211C3-60AF-4432-83FF-98B0D0872AE9}.Release|Any CPU.Build.0 = Release|Any CPU
	EndGlobalSection
	GlobalSection(SolutionProperties) = preSolution
		HideSolutionNode = FALSE
	EndGlobalSection
	GlobalSection(ExtensibilityGlobals) = postSolution
		SolutionGuid = {E1943F01-A0D5-453D-9334-0AF35C361BF9}
	EndGlobalSection
EndGlobal
